// !$*UTF8*$!
{
	archiveVersion = 1;
	classes = {
	};
	objectVersion = 56;
	objects = {

/* Begin PBXBuildFile section */
		650546F32D6EEB5A00A2FA51 /* AppDelegate.swift in Sources */ = {isa = PBXBuildFile; fileRef = 650546F22D6EEB5A00A2FA51 /* AppDelegate.swift */; };
		650546F52D6EEB5A00A2FA51 /* SceneDelegate.swift in Sources */ = {isa = PBXBuildFile; fileRef = 650546F42D6EEB5A00A2FA51 /* SceneDelegate.swift */; };
		650546F72D6EEB5A00A2FA51 /* ViewController.swift in Sources */ = {isa = PBXBuildFile; fileRef = 650546F62D6EEB5A00A2FA51 /* ViewController.swift */; };
		650546FA2D6EEB5A00A2FA51 /* Base in Resources */ = {isa = PBXBuildFile; fileRef = 650546F92D6EEB5A00A2FA51 /* Base */; };
		650546FC2D6EEB5F00A2FA51 /* Assets.xcassets in Resources */ = {isa = PBXBuildFile; fileRef = 650546FB2D6EEB5F00A2FA51 /* Assets.xcassets */; };
		650546FF2D6EEB5F00A2FA51 /* Base in Resources */ = {isa = PBXBuildFile; fileRef = 650546FE2D6EEB5F00A2FA51 /* Base */; };
		6505470A2D6EEB5F00A2FA51 /* homesecurity_mainTests.swift in Sources */ = {isa = PBXBuildFile; fileRef = 650547092D6EEB5F00A2FA51 /* homesecurity_mainTests.swift */; };
		650547142D6EEB5F00A2FA51 /* homesecurity_mainUITests.swift in Sources */ = {isa = PBXBuildFile; fileRef = 650547132D6EEB5F00A2FA51 /* homesecurity_mainUITests.swift */; };
		650547162D6EEB5F00A2FA51 /* homesecurity_mainUITestsLaunchTests.swift in Sources */ = {isa = PBXBuildFile; fileRef = 650547152D6EEB5F00A2FA51 /* homesecurity_mainUITestsLaunchTests.swift */; };
/* End PBXBuildFile section */

/* Begin PBXContainerItemProxy section */
		650547062D6EEB5F00A2FA51 /* PBXContainerItemProxy */ = {
			isa = PBXContainerItemProxy;
			containerPortal = 650546E72D6EEB5A00A2FA51 /* Project object */;
			proxyType = 1;
			remoteGlobalIDString = 650546EE2D6EEB5A00A2FA51;
			remoteInfo = "homesecurity main";
		};
		650547102D6EEB5F00A2FA51 /* PBXContainerItemProxy */ = {
			isa = PBXContainerItemProxy;
			containerPortal = 650546E72D6EEB5A00A2FA51 /* Project object */;
			proxyType = 1;
			remoteGlobalIDString = 650546EE2D6EEB5A00A2FA51;
			remoteInfo = "homesecurity main";
		};
/* End PBXContainerItemProxy section */

/* Begin PBXFileReference section */
		650546EF2D6EEB5A00A2FA51 /* homesecurity main.app */ = {isa = PBXFileReference; explicitFileType = wrapper.application; includeInIndex = 0; path = "homesecurity main.app"; sourceTree = BUILT_PRODUCTS_DIR; };
		650546F22D6EEB5A00A2FA51 /* AppDelegate.swift */ = {isa = PBXFileReference; lastKnownFileType = sourcecode.swift; path = AppDelegate.swift; sourceTree = "<group>"; };
		650546F42D6EEB5A00A2FA51 /* SceneDelegate.swift */ = {isa = PBXFileReference; lastKnownFileType = sourcecode.swift; path = SceneDelegate.swift; sourceTree = "<group>"; };
		650546F62D6EEB5A00A2FA51 /* ViewController.swift */ = {isa = PBXFileReference; lastKnownFileType = sourcecode.swift; path = ViewController.swift; sourceTree = "<group>"; };
		650546F92D6EEB5A00A2FA51 /* Base */ = {isa = PBXFileReference; lastKnownFileType = file.storyboard; name = Base; path = Base.lproj/Main.storyboard; sourceTree = "<group>"; };
		650546FB2D6EEB5F00A2FA51 /* Assets.xcassets */ = {isa = PBXFileReference; lastKnownFileType = folder.assetcatalog; path = Assets.xcassets; sourceTree = "<group>"; };
		650546FE2D6EEB5F00A2FA51 /* Base */ = {isa = PBXFileReference; lastKnownFileType = file.storyboard; name = Base; path = Base.lproj/LaunchScreen.storyboard; sourceTree = "<group>"; };
		650547002D6EEB5F00A2FA51 /* Info.plist */ = {isa = PBXFileReference; lastKnownFileType = text.plist.xml; path = Info.plist; sourceTree = "<group>"; };
		650547052D6EEB5F00A2FA51 /* homesecurity mainTests.xctest */ = {isa = PBXFileReference; explicitFileType = wrapper.cfbundle; includeInIndex = 0; path = "homesecurity mainTests.xctest"; sourceTree = BUILT_PRODUCTS_DIR; };
		650547092D6EEB5F00A2FA51 /* homesecurity_mainTests.swift */ = {isa = PBXFileReference; lastKnownFileType = sourcecode.swift; path = homesecurity_mainTests.swift; sourceTree = "<group>"; };
		6505470F2D6EEB5F00A2FA51 /* homesecurity mainUITests.xctest */ = {isa = PBXFileReference; explicitFileType = wrapper.cfbundle; includeInIndex = 0; path = "homesecurity mainUITests.xctest"; sourceTree = BUILT_PRODUCTS_DIR; };
		650547132D6EEB5F00A2FA51 /* homesecurity_mainUITests.swift */ = {isa = PBXFileReference; lastKnownFileType = sourcecode.swift; path = homesecurity_mainUITests.swift; sourceTree = "<group>"; };
		650547152D6EEB5F00A2FA51 /* homesecurity_mainUITestsLaunchTests.swift */ = {isa = PBXFileReference; lastKnownFileType = sourcecode.swift; path = homesecurity_mainUITestsLaunchTests.swift; sourceTree = "<group>"; };
/* End PBXFileReference section */

/* Begin PBXFrameworksBuildPhase section */
		650546EC2D6EEB5A00A2FA51 /* Frameworks */ = {
			isa = PBXFrameworksBuildPhase;
			buildActionMask = 2147483647;
			files = (
			);
			runOnlyForDeploymentPostprocessing = 0;
		};
		650547022D6EEB5F00A2FA51 /* Frameworks */ = {
			isa = PBXFrameworksBuildPhase;
			buildActionMask = 2147483647;
			files = (
			);
			runOnlyForDeploymentPostprocessing = 0;
		};
		6505470C2D6EEB5F00A2FA51 /* Frameworks */ = {
			isa = PBXFrameworksBuildPhase;
			buildActionMask = 2147483647;
			files = (
			);
			runOnlyForDeploymentPostprocessing = 0;
		};
/* End PBXFrameworksBuildPhase section */

/* Begin PBXGroup section */
		650546E62D6EEB5A00A2FA51 = {
			isa = PBXGroup;
			children = (
				650546F12D6EEB5A00A2FA51 /* homesecurity main */,
				650547082D6EEB5F00A2FA51 /* homesecurity mainTests */,
				650547122D6EEB5F00A2FA51 /* homesecurity mainUITests */,
				650546F02D6EEB5A00A2FA51 /* Products */,
			);
			sourceTree = "<group>";
		};
		650546F02D6EEB5A00A2FA51 /* Products */ = {
			isa = PBXGroup;
			children = (
				650546EF2D6EEB5A00A2FA51 /* homesecurity main.app */,
				650547052D6EEB5F00A2FA51 /* homesecurity mainTests.xctest */,
				6505470F2D6EEB5F00A2FA51 /* homesecurity mainUITests.xctest */,
			);
			name = Products;
			sourceTree = "<group>";
		};
		650546F12D6EEB5A00A2FA51 /* homesecurity main */ = {
			isa = PBXGroup;
			children = (
				650546F22D6EEB5A00A2FA51 /* AppDelegate.swift */,
				650546F42D6EEB5A00A2FA51 /* SceneDelegate.swift */,
				650546F62D6EEB5A00A2FA51 /* ViewController.swift */,
				650546F82D6EEB5A00A2FA51 /* Main.storyboard */,
				650546FB2D6EEB5F00A2FA51 /* Assets.xcassets */,
				650546FD2D6EEB5F00A2FA51 /* LaunchScreen.storyboard */,
				650547002D6EEB5F00A2FA51 /* Info.plist */,
			);
			path = "homesecurity main";
			sourceTree = "<group>";
		};
		650547082D6EEB5F00A2FA51 /* homesecurity mainTests */ = {
			isa = PBXGroup;
			children = (
				650547092D6EEB5F00A2FA51 /* homesecurity_mainTests.swift */,
			);
			path = "homesecurity mainTests";
			sourceTree = "<group>";
		};
		650547122D6EEB5F00A2FA51 /* homesecurity mainUITests */ = {
			isa = PBXGroup;
			children = (
				650547132D6EEB5F00A2FA51 /* homesecurity_mainUITests.swift */,
				650547152D6EEB5F00A2FA51 /* homesecurity_mainUITestsLaunchTests.swift */,
			);
			path = "homesecurity mainUITests";
			sourceTree = "<group>";
		};
/* End PBXGroup section */

/* Begin PBXNativeTarget section */
		650546EE2D6EEB5A00A2FA51 /* homesecurity main */ = {
			isa = PBXNativeTarget;
			buildConfigurationList = 650547192D6EEB5F00A2FA51 /* Build configuration list for PBXNativeTarget "homesecurity main" */;
			buildPhases = (
				650546EB2D6EEB5A00A2FA51 /* Sources */,
				650546EC2D6EEB5A00A2FA51 /* Frameworks */,
				650546ED2D6EEB5A00A2FA51 /* Resources */,
			);
			buildRules = (
			);
			dependencies = (
			);
			name = "homesecurity main";
			productName = "homesecurity main";
			productReference = 650546EF2D6EEB5A00A2FA51 /* homesecurity main.app */;
			productType = "com.apple.product-type.application";
		};
		650547042D6EEB5F00A2FA51 /* homesecurity mainTests */ = {
			isa = PBXNativeTarget;
			buildConfigurationList = 6505471C2D6EEB5F00A2FA51 /* Build configuration list for PBXNativeTarget "homesecurity mainTests" */;
			buildPhases = (
				650547012D6EEB5F00A2FA51 /* Sources */,
				650547022D6EEB5F00A2FA51 /* Frameworks */,
				650547032D6EEB5F00A2FA51 /* Resources */,
			);
			buildRules = (
			);
			dependencies = (
				650547072D6EEB5F00A2FA51 /* PBXTargetDependency */,
			);
			name = "homesecurity mainTests";
			productName = "homesecurity mainTests";
			productReference = 650547052D6EEB5F00A2FA51 /* homesecurity mainTests.xctest */;
			productType = "com.apple.product-type.bundle.unit-test";
		};
		6505470E2D6EEB5F00A2FA51 /* homesecurity mainUITests */ = {
			isa = PBXNativeTarget;
			buildConfigurationList = 6505471F2D6EEB5F00A2FA51 /* Build configuration list for PBXNativeTarget "homesecurity mainUITests" */;
			buildPhases = (
				6505470B2D6EEB5F00A2FA51 /* Sources */,
				6505470C2D6EEB5F00A2FA51 /* Frameworks */,
				6505470D2D6EEB5F00A2FA51 /* Resources */,
			);
			buildRules = (
			);
			dependencies = (
				650547112D6EEB5F00A2FA51 /* PBXTargetDependency */,
			);
			name = "homesecurity mainUITests";
			productName = "homesecurity mainUITests";
			productReference = 6505470F2D6EEB5F00A2FA51 /* homesecurity mainUITests.xctest */;
			productType = "com.apple.product-type.bundle.ui-testing";
		};
/* End PBXNativeTarget section */

/* Begin PBXProject section */
		650546E72D6EEB5A00A2FA51 /* Project object */ = {
			isa = PBXProject;
			attributes = {
				BuildIndependentTargetsInParallel = 1;
				LastSwiftUpdateCheck = 1540;
				LastUpgradeCheck = 1540;
				TargetAttributes = {
					650546EE2D6EEB5A00A2FA51 = {
						CreatedOnToolsVersion = 15.4;
					};
					650547042D6EEB5F00A2FA51 = {
						CreatedOnToolsVersion = 15.4;
						TestTargetID = 650546EE2D6EEB5A00A2FA51;
					};
					6505470E2D6EEB5F00A2FA51 = {
						CreatedOnToolsVersion = 15.4;
						TestTargetID = 650546EE2D6EEB5A00A2FA51;
					};
				};
			};
			buildConfigurationList = 650546EA2D6EEB5A00A2FA51 /* Build configuration list for PBXProject "homesecurity main" */;
			compatibilityVersion = "Xcode 14.0";
			developmentRegion = en;
			hasScannedForEncodings = 0;
			knownRegions = (
				en,
				Base,
			);
			mainGroup = 650546E62D6EEB5A00A2FA51;
			productRefGroup = 650546F02D6EEB5A00A2FA51 /* Products */;
			projectDirPath = "";
			projectRoot = "";
			targets = (
				650546EE2D6EEB5A00A2FA51 /* homesecurity main */,
				650547042D6EEB5F00A2FA51 /* homesecurity mainTests */,
				6505470E2D6EEB5F00A2FA51 /* homesecurity mainUITests */,
			);
		};
/* End PBXProject section */

/* Begin PBXResourcesBuildPhase section */
		650546ED2D6EEB5A00A2FA51 /* Resources */ = {
			isa = PBXResourcesBuildPhase;
			buildActionMask = 2147483647;
			files = (
				650546FC2D6EEB5F00A2FA51 /* Assets.xcassets in Resources */,
				650546FF2D6EEB5F00A2FA51 /* Base in Resources */,
				650546FA2D6EEB5A00A2FA51 /* Base in Resources */,
			);
			runOnlyForDeploymentPostprocessing = 0;
		};
		650547032D6EEB5F00A2FA51 /* Resources */ = {
			isa = PBXResourcesBuildPhase;
			buildActionMask = 2147483647;
			files = (
			);
			runOnlyForDeploymentPostprocessing = 0;
		};
		6505470D2D6EEB5F00A2FA51 /* Resources */ = {
			isa = PBXResourcesBuildPhase;
			buildActionMask = 2147483647;
			files = (
			);
			runOnlyForDeploymentPostprocessing = 0;
		};
/* End PBXResourcesBuildPhase section */

/* Begin PBXSourcesBuildPhase section */
		650546EB2D6EEB5A00A2FA51 /* Sources */ = {
			isa = PBXSourcesBuildPhase;
			buildActionMask = 2147483647;
			files = (
				650546F72D6EEB5A00A2FA51 /* ViewController.swift in Sources */,
				650546F32D6EEB5A00A2FA51 /* AppDelegate.swift in Sources */,
				650546F52D6EEB5A00A2FA51 /* SceneDelegate.swift in Sources */,
			);
			runOnlyForDeploymentPostprocessing = 0;
		};
		650547012D6EEB5F00A2FA51 /* Sources */ = {
			isa = PBXSourcesBuildPhase;
			buildActionMask = 2147483647;
			files = (
				6505470A2D6EEB5F00A2FA51 /* homesecurity_mainTests.swift in Sources */,
			);
			runOnlyForDeploymentPostprocessing = 0;
		};
		6505470B2D6EEB5F00A2FA51 /* Sources */ = {
			isa = PBXSourcesBuildPhase;
			buildActionMask = 2147483647;
			files = (
				650547162D6EEB5F00A2FA51 /* homesecurity_mainUITestsLaunchTests.swift in Sources */,
				650547142D6EEB5F00A2FA51 /* homesecurity_mainUITests.swift in Sources */,
			);
			runOnlyForDeploymentPostprocessing = 0;
		};
/* End PBXSourcesBuildPhase section */

/* Begin PBXTargetDependency section */
		650547072D6EEB5F00A2FA51 /* PBXTargetDependency */ = {
			isa = PBXTargetDependency;
			target = 650546EE2D6EEB5A00A2FA51 /* homesecurity main */;
			targetProxy = 650547062D6EEB5F00A2FA51 /* PBXContainerItemProxy */;
		};
		650547112D6EEB5F00A2FA51 /* PBXTargetDependency */ = {
			isa = PBXTargetDependency;
			target = 650546EE2D6EEB5A00A2FA51 /* homesecurity main */;
			targetProxy = 650547102D6EEB5F00A2FA51 /* PBXContainerItemProxy */;
		};
/* End PBXTargetDependency section */

/* Begin PBXVariantGroup section */
		650546F82D6EEB5A00A2FA51 /* Main.storyboard */ = {
			isa = PBXVariantGroup;
			children = (
				650546F92D6EEB5A00A2FA51 /* Base */,
			);
			name = Main.storyboard;
			sourceTree = "<group>";
		};
		650546FD2D6EEB5F00A2FA51 /* LaunchScreen.storyboard */ = {
			isa = PBXVariantGroup;
			children = (
				650546FE2D6EEB5F00A2FA51 /* Base */,
			);
			name = LaunchScreen.storyboard;
			sourceTree = "<group>";
		};
/* End PBXVariantGroup section */

/* Begin XCBuildConfiguration section */
		650547172D6EEB5F00A2FA51 /* Debug */ = {
			isa = XCBuildConfiguration;
			buildSettings = {
				ALWAYS_SEARCH_USER_PATHS = NO;
				ASSETCATALOG_COMPILER_GENERATE_SWIFT_ASSET_SYMBOL_EXTENSIONS = YES;
				CLANG_ANALYZER_NONNULL = YES;
				CLANG_ANALYZER_NUMBER_OBJECT_CONVERSION = YES_AGGRESSIVE;
				CLANG_CXX_LANGUAGE_STANDARD = "gnu++20";
				CLANG_ENABLE_MODULES = YES;
				CLANG_ENABLE_OBJC_ARC = YES;
				CLANG_ENABLE_OBJC_WEAK = YES;
				CLANG_WARN_BLOCK_CAPTURE_AUTORELEASING = YES;
				CLANG_WARN_BOOL_CONVERSION = YES;
				CLANG_WARN_COMMA = YES;
				CLANG_WARN_CONSTANT_CONVERSION = YES;
				CLANG_WARN_DEPRECATED_OBJC_IMPLEMENTATIONS = YES;
				CLANG_WARN_DIRECT_OBJC_ISA_USAGE = YES_ERROR;
				CLANG_WARN_DOCUMENTATION_COMMENTS = YES;
				CLANG_WARN_EMPTY_BODY = YES;
				CLANG_WARN_ENUM_CONVERSION = YES;
				CLANG_WARN_INFINITE_RECURSION = YES;
				CLANG_WARN_INT_CONVERSION = YES;
				CLANG_WARN_NON_LITERAL_NULL_CONVERSION = YES;
				CLANG_WARN_OBJC_IMPLICIT_RETAIN_SELF = YES;
				CLANG_WARN_OBJC_LITERAL_CONVERSION = YES;
				CLANG_WARN_OBJC_ROOT_CLASS = YES_ERROR;
				CLANG_WARN_QUOTED_INCLUDE_IN_FRAMEWORK_HEADER = YES;
				CLANG_WARN_RANGE_LOOP_ANALYSIS = YES;
				CLANG_WARN_STRICT_PROTOTYPES = YES;
				CLANG_WARN_SUSPICIOUS_MOVE = YES;
				CLANG_WARN_UNGUARDED_AVAILABILITY = YES_AGGRESSIVE;
				CLANG_WARN_UNREACHABLE_CODE = YES;
				CLANG_WARN__DUPLICATE_METHOD_MATCH = YES;
				COPY_PHASE_STRIP = NO;
				DEBUG_INFORMATION_FORMAT = dwarf;
				ENABLE_STRICT_OBJC_MSGSEND = YES;
				ENABLE_TESTABILITY = YES;
				ENABLE_USER_SCRIPT_SANDBOXING = YES;
				GCC_C_LANGUAGE_STANDARD = gnu17;
				GCC_DYNAMIC_NO_PIC = NO;
				GCC_NO_COMMON_BLOCKS = YES;
				GCC_OPTIMIZATION_LEVEL = 0;
				GCC_PREPROCESSOR_DEFINITIONS = (
					"DEBUG=1",
					"$(inherited)",
				);
				GCC_WARN_64_TO_32_BIT_CONVERSION = YES;
				GCC_WARN_ABOUT_RETURN_TYPE = YES_ERROR;
				GCC_WARN_UNDECLARED_SELECTOR = YES;
				GCC_WARN_UNINITIALIZED_AUTOS = YES_AGGRESSIVE;
				GCC_WARN_UNUSED_FUNCTION = YES;
				GCC_WARN_UNUSED_VARIABLE = YES;
				IPHONEOS_DEPLOYMENT_TARGET = 17.5;
				LOCALIZATION_PREFERS_STRING_CATALOGS = YES;
				MTL_ENABLE_DEBUG_INFO = INCLUDE_SOURCE;
				MTL_FAST_MATH = YES;
				ONLY_ACTIVE_ARCH = YES;
				SDKROOT = iphoneos;
				SWIFT_ACTIVE_COMPILATION_CONDITIONS = "DEBUG $(inherited)";
				SWIFT_OPTIMIZATION_LEVEL = "-Onone";
			};
			name = Debug;
		};
		650547182D6EEB5F00A2FA51 /* Release */ = {
			isa = XCBuildConfiguration;
			buildSettings = {
				ALWAYS_SEARCH_USER_PATHS = NO;
				ASSETCATALOG_COMPILER_GENERATE_SWIFT_ASSET_SYMBOL_EXTENSIONS = YES;
				CLANG_ANALYZER_NONNULL = YES;
				CLANG_ANALYZER_NUMBER_OBJECT_CONVERSION = YES_AGGRESSIVE;
				CLANG_CXX_LANGUAGE_STANDARD = "gnu++20";
				CLANG_ENABLE_MODULES = YES;
				CLANG_ENABLE_OBJC_ARC = YES;
				CLANG_ENABLE_OBJC_WEAK = YES;
				CLANG_WARN_BLOCK_CAPTURE_AUTORELEASING = YES;
				CLANG_WARN_BOOL_CONVERSION = YES;
				CLANG_WARN_COMMA = YES;
				CLANG_WARN_CONSTANT_CONVERSION = YES;
				CLANG_WARN_DEPRECATED_OBJC_IMPLEMENTATIONS = YES;
				CLANG_WARN_DIRECT_OBJC_ISA_USAGE = YES_ERROR;
				CLANG_WARN_DOCUMENTATION_COMMENTS = YES;
				CLANG_WARN_EMPTY_BODY = YES;
				CLANG_WARN_ENUM_CONVERSION = YES;
				CLANG_WARN_INFINITE_RECURSION = YES;
				CLANG_WARN_INT_CONVERSION = YES;
				CLANG_WARN_NON_LITERAL_NULL_CONVERSION = YES;
				CLANG_WARN_OBJC_IMPLICIT_RETAIN_SELF = YES;
				CLANG_WARN_OBJC_LITERAL_CONVERSION = YES;
				CLANG_WARN_OBJC_ROOT_CLASS = YES_ERROR;
				CLANG_WARN_QUOTED_INCLUDE_IN_FRAMEWORK_HEADER = YES;
				CLANG_WARN_RANGE_LOOP_ANALYSIS = YES;
				CLANG_WARN_STRICT_PROTOTYPES = YES;
				CLANG_WARN_SUSPICIOUS_MOVE = YES;
				CLANG_WARN_UNGUARDED_AVAILABILITY = YES_AGGRESSIVE;
				CLANG_WARN_UNREACHABLE_CODE = YES;
				CLANG_WARN__DUPLICATE_METHOD_MATCH = YES;
				COPY_PHASE_STRIP = NO;
				DEBUG_INFORMATION_FORMAT = "dwarf-with-dsym";
				ENABLE_NS_ASSERTIONS = NO;
				ENABLE_STRICT_OBJC_MSGSEND = YES;
				ENABLE_USER_SCRIPT_SANDBOXING = YES;
				GCC_C_LANGUAGE_STANDARD = gnu17;
				GCC_NO_COMMON_BLOCKS = YES;
				GCC_WARN_64_TO_32_BIT_CONVERSION = YES;
				GCC_WARN_ABOUT_RETURN_TYPE = YES_ERROR;
				GCC_WARN_UNDECLARED_SELECTOR = YES;
				GCC_WARN_UNINITIALIZED_AUTOS = YES_AGGRESSIVE;
				GCC_WARN_UNUSED_FUNCTION = YES;
				GCC_WARN_UNUSED_VARIABLE = YES;
				IPHONEOS_DEPLOYMENT_TARGET = 17.5;
				LOCALIZATION_PREFERS_STRING_CATALOGS = YES;
				MTL_ENABLE_DEBUG_INFO = NO;
				MTL_FAST_MATH = YES;
				SDKROOT = iphoneos;
				SWIFT_COMPILATION_MODE = wholemodule;
				VALIDATE_PRODUCT = YES;
			};
			name = Release;
		};
		6505471A2D6EEB5F00A2FA51 /* Debug */ = {
			isa = XCBuildConfiguration;
			buildSettings = {
				ASSETCATALOG_COMPILER_APPICON_NAME = AppIcon;
				ASSETCATALOG_COMPILER_GLOBAL_ACCENT_COLOR_NAME = AccentColor;
				CODE_SIGN_STYLE = Automatic;
				CURRENT_PROJECT_VERSION = 1;
				GENERATE_INFOPLIST_FILE = YES;
				INFOPLIST_FILE = "homesecurity main/Info.plist";
				INFOPLIST_KEY_UIApplicationSupportsIndirectInputEvents = YES;
				INFOPLIST_KEY_UILaunchStoryboardName = LaunchScreen;
				INFOPLIST_KEY_UIMainStoryboardFile = Main;
				INFOPLIST_KEY_UISupportedInterfaceOrientations_iPad = "UIInterfaceOrientationPortrait UIInterfaceOrientationPortraitUpsideDown UIInterfaceOrientationLandscapeLeft UIInterfaceOrientationLandscapeRight";
				INFOPLIST_KEY_UISupportedInterfaceOrientations_iPhone = "UIInterfaceOrientationPortrait UIInterfaceOrientationLandscapeLeft UIInterfaceOrientationLandscapeRight";
				LD_RUNPATH_SEARCH_PATHS = (
					"$(inherited)",
					"@executable_path/Frameworks",
				);
				MARKETING_VERSION = 1.0;
				PRODUCT_BUNDLE_IDENTIFIER = "e.homesecurity-main";
				PRODUCT_NAME = "$(TARGET_NAME)";
				SWIFT_EMIT_LOC_STRINGS = YES;
				SWIFT_VERSION = 5.0;
				TARGETED_DEVICE_FAMILY = "1,2";
			};
			name = Debug;
		};
		6505471B2D6EEB5F00A2FA51 /* Release */ = {
			isa = XCBuildConfiguration;
			buildSettings = {
				ASSETCATALOG_COMPILER_APPICON_NAME = AppIcon;
				ASSETCATALOG_COMPILER_GLOBAL_ACCENT_COLOR_NAME = AccentColor;
				CODE_SIGN_STYLE = Automatic;
				CURRENT_PROJECT_VERSION = 1;
				GENERATE_INFOPLIST_FILE = YES;
				INFOPLIST_FILE = "homesecurity main/Info.plist";
				INFOPLIST_KEY_UIApplicationSupportsIndirectInputEvents = YES;
				INFOPLIST_KEY_UILaunchStoryboardName = LaunchScreen;
				INFOPLIST_KEY_UIMainStoryboardFile = Main;
				INFOPLIST_KEY_UISupportedInterfaceOrientations_iPad = "UIInterfaceOrientationPortrait UIInterfaceOrientationPortraitUpsideDown UIInterfaceOrientationLandscapeLeft UIInterfaceOrientationLandscapeRight";
				INFOPLIST_KEY_UISupportedInterfaceOrientations_iPhone = "UIInterfaceOrientationPortrait UIInterfaceOrientationLandscapeLeft UIInterfaceOrientationLandscapeRight";
				LD_RUNPATH_SEARCH_PATHS = (
					"$(inherited)",
					"@executable_path/Frameworks",
				);
				MARKETING_VERSION = 1.0;
				PRODUCT_BUNDLE_IDENTIFIER = "e.homesecurity-main";
				PRODUCT_NAME = "$(TARGET_NAME)";
				SWIFT_EMIT_LOC_STRINGS = YES;
				SWIFT_VERSION = 5.0;
				TARGETED_DEVICE_FAMILY = "1,2";
			};
			name = Release;
		};
		6505471D2D6EEB5F00A2FA51 /* Debug */ = {
			isa = XCBuildConfiguration;
			buildSettings = {
				ALWAYS_EMBED_SWIFT_STANDARD_LIBRARIES = YES;
				BUNDLE_LOADER = "$(TEST_HOST)";
				CODE_SIGN_STYLE = Automatic;
				CURRENT_PROJECT_VERSION = 1;
				GENERATE_INFOPLIST_FILE = YES;
				IPHONEOS_DEPLOYMENT_TARGET = 17.5;
				MARKETING_VERSION = 1.0;
				PRODUCT_BUNDLE_IDENTIFIER = "e.homesecurity-mainTests";
				PRODUCT_NAME = "$(TARGET_NAME)";
				SWIFT_EMIT_LOC_STRINGS = NO;
				SWIFT_VERSION = 5.0;
				TARGETED_DEVICE_FAMILY = "1,2";
				TEST_HOST = "$(BUILT_PRODUCTS_DIR)/homesecurity main.app/$(BUNDLE_EXECUTABLE_FOLDER_PATH)/homesecurity main";
			};
			name = Debug;
		};
		6505471E2D6EEB5F00A2FA51 /* Release */ = {
			isa = XCBuildConfiguration;
			buildSettings = {
				ALWAYS_EMBED_SWIFT_STANDARD_LIBRARIES = YES;
				BUNDLE_LOADER = "$(TEST_HOST)";
				CODE_SIGN_STYLE = Automatic;
				CURRENT_PROJECT_VERSION = 1;
				GENERATE_INFOPLIST_FILE = YES;
				IPHONEOS_DEPLOYMENT_TARGET = 17.5;
				MARKETING_VERSION = 1.0;
				PRODUCT_BUNDLE_IDENTIFIER = "e.homesecurity-mainTests";
				PRODUCT_NAME = "$(TARGET_NAME)";
				SWIFT_EMIT_LOC_STRINGS = NO;
				SWIFT_VERSION = 5.0;
				TARGETED_DEVICE_FAMILY = "1,2";
				TEST_HOST = "$(BUILT_PRODUCTS_DIR)/homesecurity main.app/$(BUNDLE_EXECUTABLE_FOLDER_PATH)/homesecurity main";
			};
			name = Release;
		};
		650547202D6EEB5F00A2FA51 /* Debug */ = {
			isa = XCBuildConfiguration;
			buildSettings = {
				ALWAYS_EMBED_SWIFT_STANDARD_LIBRARIES = YES;
				CODE_SIGN_STYLE = Automatic;
				CURRENT_PROJECT_VERSION = 1;
				GENERATE_INFOPLIST_FILE = YES;
				MARKETING_VERSION = 1.0;
				PRODUCT_BUNDLE_IDENTIFIER = "e.homesecurity-mainUITests";
				PRODUCT_NAME = "$(TARGET_NAME)";
				SWIFT_EMIT_LOC_STRINGS = NO;
				SWIFT_VERSION = 5.0;
				TARGETED_DEVICE_FAMILY = "1,2";
				TEST_TARGET_NAME = "homesecurity main";
			};
			name = Debug;
		};
		650547212D6EEB5F00A2FA51 /* Release */ = {
			isa = XCBuildConfiguration;
			buildSettings = {
				ALWAYS_EMBED_SWIFT_STANDARD_LIBRARIES = YES;
				CODE_SIGN_STYLE = Automatic;
				CURRENT_PROJECT_VERSION = 1;
				GENERATE_INFOPLIST_FILE = YES;
				MARKETING_VERSION = 1.0;
				PRODUCT_BUNDLE_IDENTIFIER = "e.homesecurity-mainUITests";
				PRODUCT_NAME = "$(TARGET_NAME)";
				SWIFT_EMIT_LOC_STRINGS = NO;
				SWIFT_VERSION = 5.0;
				TARGETED_DEVICE_FAMILY = "1,2";
				TEST_TARGET_NAME = "homesecurity main";
			};
			name = Release;
		};
/* End XCBuildConfiguration section */

/* Begin XCConfigurationList section */
		650546EA2D6EEB5A00A2FA51 /* Build configuration list for PBXProject "homesecurity main" */ = {
			isa = XCConfigurationList;
			buildConfigurations = (
				650547172D6EEB5F00A2FA51 /* Debug */,
				650547182D6EEB5F00A2FA51 /* Release */,
			);
			defaultConfigurationIsVisible = 0;
			defaultConfigurationName = Release;
		};
		650547192D6EEB5F00A2FA51 /* Build configuration list for PBXNativeTarget "homesecurity main" */ = {
			isa = XCConfigurationList;
			buildConfigurations = (
				6505471A2D6EEB5F00A2FA51 /* Debug */,
				6505471B2D6EEB5F00A2FA51 /* Release */,
			);
			defaultConfigurationIsVisible = 0;
			defaultConfigurationName = Release;
		};
		6505471C2D6EEB5F00A2FA51 /* Build configuration list for PBXNativeTarget "homesecurity mainTests" */ = {
			isa = XCConfigurationList;
			buildConfigurations = (
				6505471D2D6EEB5F00A2FA51 /* Debug */,
				6505471E2D6EEB5F00A2FA51 /* Release */,
			);
			defaultConfigurationIsVisible = 0;
			defaultConfigurationName = Release;
		};
		6505471F2D6EEB5F00A2FA51 /* Build configuration list for PBXNativeTarget "homesecurity mainUITests" */ = {
			isa = XCConfigurationList;
			buildConfigurations = (
				650547202D6EEB5F00A2FA51 /* Debug */,
				650547212D6EEB5F00A2FA51 /* Release */,
			);
			defaultConfigurationIsVisible = 0;
			defaultConfigurationName = Release;
		};
/* End XCConfigurationList section */
	};
	rootObject = 650546E72D6EEB5A00A2FA51 /* Project object */;
}
